
Microsoft Visual Studio Solution File, Format Version 12.00
# Visual Studio Version 16
VisualStudioVersion = 16.0.31205.134
MinimumVisualStudioVersion = 10.0.40219.1
Project("{FAE04EC0-301F-11D3-BF4B-00C04F79EFBC}") = "Ex02", "SetOne\Ex02.csproj", "{F6ECE505-5512-4BFE-A679-3F35D05D5233}"
EndProject
Project("{FAE04EC0-301F-11D3-BF4B-00C04F79EFBC}") = "Ex03", "Ex03\Ex03.csproj", "{81CD66ED-C0DC-4CDB-8146-00A084C22B70}"
EndProject
Project("{FAE04EC0-301F-11D3-BF4B-00C04F79EFBC}") = "Ex01", "Ex01\Ex01.csproj", "{C022621A-49A9-4354-988E-CF60A523F408}"
EndProject
Project("{FAE04EC0-301F-11D3-BF4B-00C04F79EFBC}") = "Ex04", "Ex04\Ex04.csproj", "{20CF9FFA-1203-482E-88B9-7F7AA2F15D1B}"
EndProject
Project("{FAE04EC0-301F-11D3-BF4B-00C04F79EFBC}") = "Ex05", "Ex05\Ex05.csproj", "{96DB32AB-8D93-4A4F-A1B9-A1F105D97F10}"
EndProject
Project("{FAE04EC0-301F-11D3-BF4B-00C04F79EFBC}") = "Ex06", "Ex06\Ex06.csproj", "{5C3852DB-50BF-4D84-86B1-BA2D18B7AFD5}"
EndProject
Project("{FAE04EC0-301F-11D3-BF4B-00C04F79EFBC}") = "Ex07", "Ex07\Ex07.csproj", "{6DE0AD9C-0442-4231-8014-593F514AC4C2}"
EndProject
Project("{FAE04EC0-301F-11D3-BF4B-00C04F79EFBC}") = "Ex08", "Ex08\Ex08.csproj", "{4E870992-CD1D-4781-954A-8757D37A2812}"
EndProject
Project("{FAE04EC0-301F-11D3-BF4B-00C04F79EFBC}") = "Ex09", "Ex09\Ex09.csproj", "{AB016DA0-7707-4381-82EC-32A5CB3E9E19}"
EndProject
Project("{FAE04EC0-301F-11D3-BF4B-00C04F79EFBC}") = "Ex10", "Ex10\Ex10.csproj", "{375A3A3F-89C1-4C66-B1A4-EF9524C8A685}"
EndProject
Project("{FAE04EC0-301F-11D3-BF4B-00C04F79EFBC}") = "Ex11", "Ex11\Ex11.csproj", "{33A7A295-8AE7-425F-8712-274D189431BE}"
EndProject
Project("{FAE04EC0-301F-11D3-BF4B-00C04F79EFBC}") = "User_Password_Check", "User_Password_Check\User_Password_Check.csproj", "{E5224502-805E-404E-B605-98ADEF413EFA}"
EndProject
Project("{FAE04EC0-301F-11D3-BF4B-00C04F79EFBC}") = "Ex12", "Ex12\Ex12.csproj", "{FA0C7CDE-A961-4F05-870C-33694EC32D7B}"
EndProject
Project("{FAE04EC0-301F-11D3-BF4B-00C04F79EFBC}") = "Arrays", "Arrays\Arrays.csproj", "{642B8AE5-206B-42CA-906B-EA971F3FEB83}"
EndProject
Project("{FAE04EC0-301F-11D3-BF4B-00C04F79EFBC}") = "Ex13", "Ex13\Ex13.csproj", "{D9B370E1-C3B4-4FDF-A865-995F36C1939A}"
EndProject
Project("{FAE04EC0-301F-11D3-BF4B-00C04F79EFBC}") = "Ex14", "Ex14\Ex14.csproj", "{6BD6EAEC-1C89-453A-AD65-9005BFAA881C}"
EndProject
Project("{FAE04EC0-301F-11D3-BF4B-00C04F79EFBC}") = "Ex15", "Ex15\Ex15.csproj", "{4C0DACA0-EC7D-4706-B0C5-9B84A43A4F61}"
EndProject
Project("{FAE04EC0-301F-11D3-BF4B-00C04F79EFBC}") = "Ex16", "Ex16\Ex16.csproj", "{5E864226-4B78-4414-9371-F22BDD182493}"
EndProject
Project("{FAE04EC0-301F-11D3-BF4B-00C04F79EFBC}") = "Ex17", "Ex17\Ex17.csproj", "{46C55CD0-892A-4ACC-A316-CE3571C004A6}"
EndProject
Project("{FAE04EC0-301F-11D3-BF4B-00C04F79EFBC}") = "Ex18", "Ex18\Ex18.csproj", "{B87F4B37-767A-4DE5-BE01-5CFBB7248363}"
EndProject
Project("{FAE04EC0-301F-11D3-BF4B-00C04F79EFBC}") = "Ex19", "Ex19\Ex19.csproj", "{BF996B13-72D5-4075-AE33-B6BADD82EC31}"
EndProject
Project("{FAE04EC0-301F-11D3-BF4B-00C04F79EFBC}") = "Ex20", "Ex20\Ex20.csproj", "{E76FE213-9162-40B5-B8F9-A1406F242776}"
EndProject
Project("{FAE04EC0-301F-11D3-BF4B-00C04F79EFBC}") = "Ex21", "Ex21\Ex21.csproj", "{E03BD5B5-E9DE-4C39-B04B-10B4F47345E1}"
EndProject
Project("{FAE04EC0-301F-11D3-BF4B-00C04F79EFBC}") = "Ex22", "Ex22\Ex22.csproj", "{16EBBD85-881C-4DC8-AB2B-1A50ADAAEDEC}"
EndProject
Project("{FAE04EC0-301F-11D3-BF4B-00C04F79EFBC}") = "Ex23", "Ex23\Ex23.csproj", "{0A5CA8A2-3ACF-40EF-9B2E-EE9805EEAC00}"
EndProject
Project("{FAE04EC0-301F-11D3-BF4B-00C04F79EFBC}") = "Ex24", "Ex24\Ex24.csproj", "{75A25736-B91A-4F3F-8B94-50B5BF0C4CFF}"
EndProject
Project("{FAE04EC0-301F-11D3-BF4B-00C04F79EFBC}") = "Ex25", "Ex25\Ex25.csproj", "{25BD016A-E330-41E5-8CDA-270802FE00FF}"
EndProject
Project("{FAE04EC0-301F-11D3-BF4B-00C04F79EFBC}") = "Split", "Split\Split.csproj", "{41379687-1B07-40CE-855F-7CD4073AD83C}"
EndProject
Project("{FAE04EC0-301F-11D3-BF4B-00C04F79EFBC}") = "test1", "test1\test1.csproj", "{3D93E297-7901-46E9-8AE1-0F9D79DEF235}"
EndProject
Global
	GlobalSection(SolutionConfigurationPlatforms) = preSolution
		Debug|Any CPU = Debug|Any CPU
		Release|Any CPU = Release|Any CPU
	EndGlobalSection
	GlobalSection(ProjectConfigurationPlatforms) = postSolution
		{F6ECE505-5512-4BFE-A679-3F35D05D5233}.Debug|Any CPU.ActiveCfg = Debug|Any CPU
		{F6ECE505-5512-4BFE-A679-3F35D05D5233}.Debug|Any CPU.Build.0 = Debug|Any CPU
		{F6ECE505-5512-4BFE-A679-3F35D05D5233}.Release|Any CPU.ActiveCfg = Release|Any CPU
		{F6ECE505-5512-4BFE-A679-3F35D05D5233}.Release|Any CPU.Build.0 = Release|Any CPU
		{81CD66ED-C0DC-4CDB-8146-00A084C22B70}.Debug|Any CPU.ActiveCfg = Debug|Any CPU
		{81CD66ED-C0DC-4CDB-8146-00A084C22B70}.Debug|Any CPU.Build.0 = Debug|Any CPU
		{81CD66ED-C0DC-4CDB-8146-00A084C22B70}.Release|Any CPU.ActiveCfg = Release|Any CPU
		{81CD66ED-C0DC-4CDB-8146-00A084C22B70}.Release|Any CPU.Build.0 = Release|Any CPU
		{C022621A-49A9-4354-988E-CF60A523F408}.Debug|Any CPU.ActiveCfg = Debug|Any CPU
		{C022621A-49A9-4354-988E-CF60A523F408}.Debug|Any CPU.Build.0 = Debug|Any CPU
		{C022621A-49A9-4354-988E-CF60A523F408}.Release|Any CPU.ActiveCfg = Release|Any CPU
		{C022621A-49A9-4354-988E-CF60A523F408}.Release|Any CPU.Build.0 = Release|Any CPU
		{20CF9FFA-1203-482E-88B9-7F7AA2F15D1B}.Debug|Any CPU.ActiveCfg = Debug|Any CPU
		{20CF9FFA-1203-482E-88B9-7F7AA2F15D1B}.Debug|Any CPU.Build.0 = Debug|Any CPU
		{20CF9FFA-1203-482E-88B9-7F7AA2F15D1B}.Release|Any CPU.ActiveCfg = Release|Any CPU
		{20CF9FFA-1203-482E-88B9-7F7AA2F15D1B}.Release|Any CPU.Build.0 = Release|Any CPU
		{96DB32AB-8D93-4A4F-A1B9-A1F105D97F10}.Debug|Any CPU.ActiveCfg = Debug|Any CPU
		{96DB32AB-8D93-4A4F-A1B9-A1F105D97F10}.Debug|Any CPU.Build.0 = Debug|Any CPU
		{96DB32AB-8D93-4A4F-A1B9-A1F105D97F10}.Release|Any CPU.ActiveCfg = Release|Any CPU
		{96DB32AB-8D93-4A4F-A1B9-A1F105D97F10}.Release|Any CPU.Build.0 = Release|Any CPU
		{5C3852DB-50BF-4D84-86B1-BA2D18B7AFD5}.Debug|Any CPU.ActiveCfg = Debug|Any CPU
		{5C3852DB-50BF-4D84-86B1-BA2D18B7AFD5}.Debug|Any CPU.Build.0 = Debug|Any CPU
		{5C3852DB-50BF-4D84-86B1-BA2D18B7AFD5}.Release|Any CPU.ActiveCfg = Release|Any CPU
		{5C3852DB-50BF-4D84-86B1-BA2D18B7AFD5}.Release|Any CPU.Build.0 = Release|Any CPU
		{6DE0AD9C-0442-4231-8014-593F514AC4C2}.Debug|Any CPU.ActiveCfg = Debug|Any CPU
		{6DE0AD9C-0442-4231-8014-593F514AC4C2}.Debug|Any CPU.Build.0 = Debug|Any CPU
		{6DE0AD9C-0442-4231-8014-593F514AC4C2}.Release|Any CPU.ActiveCfg = Release|Any CPU
		{6DE0AD9C-0442-4231-8014-593F514AC4C2}.Release|Any CPU.Build.0 = Release|Any CPU
		{4E870992-CD1D-4781-954A-8757D37A2812}.Debug|Any CPU.ActiveCfg = Debug|Any CPU
		{4E870992-CD1D-4781-954A-8757D37A2812}.Debug|Any CPU.Build.0 = Debug|Any CPU
		{4E870992-CD1D-4781-954A-8757D37A2812}.Release|Any CPU.ActiveCfg = Release|Any CPU
		{4E870992-CD1D-4781-954A-8757D37A2812}.Release|Any CPU.Build.0 = Release|Any CPU
		{AB016DA0-7707-4381-82EC-32A5CB3E9E19}.Debug|Any CPU.ActiveCfg = Debug|Any CPU
		{AB016DA0-7707-4381-82EC-32A5CB3E9E19}.Debug|Any CPU.Build.0 = Debug|Any CPU
		{AB016DA0-7707-4381-82EC-32A5CB3E9E19}.Release|Any CPU.ActiveCfg = Release|Any CPU
		{AB016DA0-7707-4381-82EC-32A5CB3E9E19}.Release|Any CPU.Build.0 = Release|Any CPU
		{375A3A3F-89C1-4C66-B1A4-EF9524C8A685}.Debug|Any CPU.ActiveCfg = Debug|Any CPU
		{375A3A3F-89C1-4C66-B1A4-EF9524C8A685}.Debug|Any CPU.Build.0 = Debug|Any CPU
		{375A3A3F-89C1-4C66-B1A4-EF9524C8A685}.Release|Any CPU.ActiveCfg = Release|Any CPU
		{375A3A3F-89C1-4C66-B1A4-EF9524C8A685}.Release|Any CPU.Build.0 = Release|Any CPU
		{33A7A295-8AE7-425F-8712-274D189431BE}.Debug|Any CPU.ActiveCfg = Debug|Any CPU
		{33A7A295-8AE7-425F-8712-274D189431BE}.Debug|Any CPU.Build.0 = Debug|Any CPU
		{33A7A295-8AE7-425F-8712-274D189431BE}.Release|Any CPU.ActiveCfg = Release|Any CPU
		{33A7A295-8AE7-425F-8712-274D189431BE}.Release|Any CPU.Build.0 = Release|Any CPU
		{E5224502-805E-404E-B605-98ADEF413EFA}.Debug|Any CPU.ActiveCfg = Debug|Any CPU
		{E5224502-805E-404E-B605-98ADEF413EFA}.Debug|Any CPU.Build.0 = Debug|Any CPU
		{E5224502-805E-404E-B605-98ADEF413EFA}.Release|Any CPU.ActiveCfg = Release|Any CPU
		{E5224502-805E-404E-B605-98ADEF413EFA}.Release|Any CPU.Build.0 = Release|Any CPU
		{FA0C7CDE-A961-4F05-870C-33694EC32D7B}.Debug|Any CPU.ActiveCfg = Debug|Any CPU
		{FA0C7CDE-A961-4F05-870C-33694EC32D7B}.Debug|Any CPU.Build.0 = Debug|Any CPU
		{FA0C7CDE-A961-4F05-870C-33694EC32D7B}.Release|Any CPU.ActiveCfg = Release|Any CPU
		{FA0C7CDE-A961-4F05-870C-33694EC32D7B}.Release|Any CPU.Build.0 = Release|Any CPU
		{642B8AE5-206B-42CA-906B-EA971F3FEB83}.Debug|Any CPU.ActiveCfg = Debug|Any CPU
		{642B8AE5-206B-42CA-906B-EA971F3FEB83}.Debug|Any CPU.Build.0 = Debug|Any CPU
		{642B8AE5-206B-42CA-906B-EA971F3FEB83}.Release|Any CPU.ActiveCfg = Release|Any CPU
		{642B8AE5-206B-42CA-906B-EA971F3FEB83}.Release|Any CPU.Build.0 = Release|Any CPU
		{D9B370E1-C3B4-4FDF-A865-995F36C1939A}.Debug|Any CPU.ActiveCfg = Debug|Any CPU
		{D9B370E1-C3B4-4FDF-A865-995F36C1939A}.Debug|Any CPU.Build.0 = Debug|Any CPU
		{D9B370E1-C3B4-4FDF-A865-995F36C1939A}.Release|Any CPU.ActiveCfg = Release|Any CPU
		{D9B370E1-C3B4-4FDF-A865-995F36C1939A}.Release|Any CPU.Build.0 = Release|Any CPU
		{6BD6EAEC-1C89-453A-AD65-9005BFAA881C}.Debug|Any CPU.ActiveCfg = Debug|Any CPU
		{6BD6EAEC-1C89-453A-AD65-9005BFAA881C}.Debug|Any CPU.Build.0 = Debug|Any CPU
		{6BD6EAEC-1C89-453A-AD65-9005BFAA881C}.Release|Any CPU.ActiveCfg = Release|Any CPU
		{6BD6EAEC-1C89-453A-AD65-9005BFAA881C}.Release|Any CPU.Build.0 = Release|Any CPU
		{4C0DACA0-EC7D-4706-B0C5-9B84A43A4F61}.Debug|Any CPU.ActiveCfg = Debug|Any CPU
		{4C0DACA0-EC7D-4706-B0C5-9B84A43A4F61}.Debug|Any CPU.Build.0 = Debug|Any CPU
		{4C0DACA0-EC7D-4706-B0C5-9B84A43A4F61}.Release|Any CPU.ActiveCfg = Release|Any CPU
		{4C0DACA0-EC7D-4706-B0C5-9B84A43A4F61}.Release|Any CPU.Build.0 = Release|Any CPU
		{5E864226-4B78-4414-9371-F22BDD182493}.Debug|Any CPU.ActiveCfg = Debug|Any CPU
		{5E864226-4B78-4414-9371-F22BDD182493}.Debug|Any CPU.Build.0 = Debug|Any CPU
		{5E864226-4B78-4414-9371-F22BDD182493}.Release|Any CPU.ActiveCfg = Release|Any CPU
		{5E864226-4B78-4414-9371-F22BDD182493}.Release|Any CPU.Build.0 = Release|Any CPU
		{46C55CD0-892A-4ACC-A316-CE3571C004A6}.Debug|Any CPU.ActiveCfg = Debug|Any CPU
		{46C55CD0-892A-4ACC-A316-CE3571C004A6}.Debug|Any CPU.Build.0 = Debug|Any CPU
		{46C55CD0-892A-4ACC-A316-CE3571C004A6}.Release|Any CPU.ActiveCfg = Release|Any CPU
		{46C55CD0-892A-4ACC-A316-CE3571C004A6}.Release|Any CPU.Build.0 = Release|Any CPU
		{B87F4B37-767A-4DE5-BE01-5CFBB7248363}.Debug|Any CPU.ActiveCfg = Debug|Any CPU
		{B87F4B37-767A-4DE5-BE01-5CFBB7248363}.Debug|Any CPU.Build.0 = Debug|Any CPU
		{B87F4B37-767A-4DE5-BE01-5CFBB7248363}.Release|Any CPU.ActiveCfg = Release|Any CPU
		{B87F4B37-767A-4DE5-BE01-5CFBB7248363}.Release|Any CPU.Build.0 = Release|Any CPU
		{BF996B13-72D5-4075-AE33-B6BADD82EC31}.Debug|Any CPU.ActiveCfg = Debug|Any CPU
		{BF996B13-72D5-4075-AE33-B6BADD82EC31}.Debug|Any CPU.Build.0 = Debug|Any CPU
		{BF996B13-72D5-4075-AE33-B6BADD82EC31}.Release|Any CPU.ActiveCfg = Release|Any CPU
		{BF996B13-72D5-4075-AE33-B6BADD82EC31}.Release|Any CPU.Build.0 = Release|Any CPU
		{E76FE213-9162-40B5-B8F9-A1406F242776}.Debug|Any CPU.ActiveCfg = Debug|Any CPU
		{E76FE213-9162-40B5-B8F9-A1406F242776}.Debug|Any CPU.Build.0 = Debug|Any CPU
		{E76FE213-9162-40B5-B8F9-A1406F242776}.Release|Any CPU.ActiveCfg = Release|Any CPU
		{E76FE213-9162-40B5-B8F9-A1406F242776}.Release|Any CPU.Build.0 = Release|Any CPU
		{E03BD5B5-E9DE-4C39-B04B-10B4F47345E1}.Debug|Any CPU.ActiveCfg = Debug|Any CPU
		{E03BD5B5-E9DE-4C39-B04B-10B4F47345E1}.Debug|Any CPU.Build.0 = Debug|Any CPU
		{E03BD5B5-E9DE-4C39-B04B-10B4F47345E1}.Release|Any CPU.ActiveCfg = Release|Any CPU
		{E03BD5B5-E9DE-4C39-B04B-10B4F47345E1}.Release|Any CPU.Build.0 = Release|Any CPU
		{16EBBD85-881C-4DC8-AB2B-1A50ADAAEDEC}.Debug|Any CPU.ActiveCfg = Debug|Any CPU
		{16EBBD85-881C-4DC8-AB2B-1A50ADAAEDEC}.Debug|Any CPU.Build.0 = Debug|Any CPU
		{16EBBD85-881C-4DC8-AB2B-1A50ADAAEDEC}.Release|Any CPU.ActiveCfg = Release|Any CPU
		{16EBBD85-881C-4DC8-AB2B-1A50ADAAEDEC}.Release|Any CPU.Build.0 = Release|Any CPU
		{0A5CA8A2-3ACF-40EF-9B2E-EE9805EEAC00}.Debug|Any CPU.ActiveCfg = Debug|Any CPU
		{0A5CA8A2-3ACF-40EF-9B2E-EE9805EEAC00}.Debug|Any CPU.Build.0 = Debug|Any CPU
		{0A5CA8A2-3ACF-40EF-9B2E-EE9805EEAC00}.Release|Any CPU.ActiveCfg = Release|Any CPU
		{0A5CA8A2-3ACF-40EF-9B2E-EE9805EEAC00}.Release|Any CPU.Build.0 = Release|Any CPU
		{75A25736-B91A-4F3F-8B94-50B5BF0C4CFF}.Debug|Any CPU.ActiveCfg = Debug|Any CPU
		{75A25736-B91A-4F3F-8B94-50B5BF0C4CFF}.Debug|Any CPU.Build.0 = Debug|Any CPU
		{75A25736-B91A-4F3F-8B94-50B5BF0C4CFF}.Release|Any CPU.ActiveCfg = Release|Any CPU
		{75A25736-B91A-4F3F-8B94-50B5BF0C4CFF}.Release|Any CPU.Build.0 = Release|Any CPU
		{25BD016A-E330-41E5-8CDA-270802FE00FF}.Debug|Any CPU.ActiveCfg = Debug|Any CPU
		{25BD016A-E330-41E5-8CDA-270802FE00FF}.Debug|Any CPU.Build.0 = Debug|Any CPU
		{25BD016A-E330-41E5-8CDA-270802FE00FF}.Release|Any CPU.ActiveCfg = Release|Any CPU
		{25BD016A-E330-41E5-8CDA-270802FE00FF}.Release|Any CPU.Build.0 = Release|Any CPU
		{41379687-1B07-40CE-855F-7CD4073AD83C}.Debug|Any CPU.ActiveCfg = Debug|Any CPU
		{41379687-1B07-40CE-855F-7CD4073AD83C}.Debug|Any CPU.Build.0 = Debug|Any CPU
		{41379687-1B07-40CE-855F-7CD4073AD83C}.Release|Any CPU.ActiveCfg = Release|Any CPU
		{41379687-1B07-40CE-855F-7CD4073AD83C}.Release|Any CPU.Build.0 = Release|Any CPU
		{3D93E297-7901-46E9-8AE1-0F9D79DEF235}.Debug|Any CPU.ActiveCfg = Debug|Any CPU
		{3D93E297-7901-46E9-8AE1-0F9D79DEF235}.Debug|Any CPU.Build.0 = Debug|Any CPU
		{3D93E297-7901-46E9-8AE1-0F9D79DEF235}.Release|Any CPU.ActiveCfg = Release|Any CPU
		{3D93E297-7901-46E9-8AE1-0F9D79DEF235}.Release|Any CPU.Build.0 = Release|Any CPU
	EndGlobalSection
	GlobalSection(SolutionProperties) = preSolution
		HideSolutionNode = FALSE
	EndGlobalSection
	GlobalSection(ExtensibilityGlobals) = postSolution
		SolutionGuid = {EBD165B7-CDF1-4F74-8FA3-23CA9C5016C8}
	EndGlobalSection
EndGlobal
